
Microsoft Visual Studio Solution File, Format Version 12.00
# Visual Studio 14
VisualStudioVersion = 14.0.25420.1
MinimumVisualStudioVersion = 10.0.40219.1
Project("{2150E333-8FDC-42A3-9474-1A3956D46DE8}") = "Solution Items", "Solution Items", "{F9E40625-043E-4A1C-8850-4541ABAFD2A4}"
	ProjectSection(SolutionItems) = preProject
		README.md = README.md
	EndProjectSection
EndProject
Project("{2150E333-8FDC-42A3-9474-1A3956D46DE8}") = "Documenti", "Documenti", "{1F9BBDDE-CD10-4866-B2B1-4AC746705C42}"
EndProject
Project("{2150E333-8FDC-42A3-9474-1A3956D46DE8}") = "Specifiche Tecniche", "Specifiche Tecniche", "{CFAC879E-C0C9-4947-B291-1A2467AA3666}"
	ProjectSection(SolutionItems) = preProject
		..\..\..\..\Users\cervian3\Downloads\Rappresentazione_tabellare_del_tracciato_FatturaEL_versione_1.3.pdf = ..\..\..\..\Users\cervian3\Downloads\Rappresentazione_tabellare_del_tracciato_FatturaEL_versione_1.3.pdf
		..\..\..\..\Users\cervian3\Downloads\Specifiche_tecniche_del_formato_FatturaEL_v1.3.pdf = ..\..\..\..\Users\cervian3\Downloads\Specifiche_tecniche_del_formato_FatturaEL_v1.3.pdf
	EndProjectSection
EndProject
Project("{2150E333-8FDC-42A3-9474-1A3956D46DE8}") = "File Dati", "File Dati", "{AF524961-A6E7-4DB1-B6AE-EF6DCDC74F3A}"
	ProjectSection(SolutionItems) = preProject
		Documenti\File Dati\1.2.1.8.txt = Documenti\File Dati\1.2.1.8.txt
		Documenti\File Dati\2.1.1.1.txt = Documenti\File Dati\2.1.1.1.txt
		Documenti\File Dati\2.1.1.5.4.txt = Documenti\File Dati\2.1.1.5.4.txt
		Documenti\File Dati\2.1.1.5.txt = Documenti\File Dati\2.1.1.5.txt
		Documenti\File Dati\2.1.1.7.1.txt = Documenti\File Dati\2.1.1.7.1.txt
		Documenti\File Dati\2.1.1.7.7.txt = Documenti\File Dati\2.1.1.7.7.txt
		Documenti\File Dati\2.2.1.1.4.txt = Documenti\File Dati\2.2.1.1.4.txt
		Documenti\File Dati\2.2.1.14.txt = Documenti\File Dati\2.2.1.14.txt
		Documenti\File Dati\2.2.1.2.txt = Documenti\File Dati\2.2.1.2.txt
		Documenti\File Dati\2.2.2.2.txt = Documenti\File Dati\2.2.2.2.txt
		Documenti\File Dati\2.4.2.2.txt = Documenti\File Dati\2.4.2.2.txt
	EndProjectSection
EndProject
Project("{F184B08F-C81C-45F6-A57F-5ABD9991F28F}") = "FatturaEL.v13", "FatturaEL.v13\FatturaEL.v13.vbproj", "{AA27196E-0A0B-4980-9D67-59230DBA5B7B}"
EndProject
Project("{F184B08F-C81C-45F6-A57F-5ABD9991F28F}") = "GeneraFatturaEL.v13", "GeneraFatturaEL.v13\GeneraFatturaEL.v13.vbproj", "{6EE9F707-2423-4F09-9BCA-4EA3C620FB7D}"
EndProject
Global
	GlobalSection(SolutionConfigurationPlatforms) = preSolution
		Debug|Any CPU = Debug|Any CPU
		Release|Any CPU = Release|Any CPU
	EndGlobalSection
	GlobalSection(ProjectConfigurationPlatforms) = postSolution
		{AA27196E-0A0B-4980-9D67-59230DBA5B7B}.Debug|Any CPU.ActiveCfg = Debug|Any CPU
		{AA27196E-0A0B-4980-9D67-59230DBA5B7B}.Debug|Any CPU.Build.0 = Debug|Any CPU
		{AA27196E-0A0B-4980-9D67-59230DBA5B7B}.Release|Any CPU.ActiveCfg = Release|Any CPU
		{AA27196E-0A0B-4980-9D67-59230DBA5B7B}.Release|Any CPU.Build.0 = Release|Any CPU
		{6EE9F707-2423-4F09-9BCA-4EA3C620FB7D}.Debug|Any CPU.ActiveCfg = Debug|Any CPU
		{6EE9F707-2423-4F09-9BCA-4EA3C620FB7D}.Debug|Any CPU.Build.0 = Debug|Any CPU
		{6EE9F707-2423-4F09-9BCA-4EA3C620FB7D}.Release|Any CPU.ActiveCfg = Release|Any CPU
		{6EE9F707-2423-4F09-9BCA-4EA3C620FB7D}.Release|Any CPU.Build.0 = Release|Any CPU
	EndGlobalSection
	GlobalSection(SolutionProperties) = preSolution
		HideSolutionNode = FALSE
	EndGlobalSection
	GlobalSection(NestedProjects) = preSolution
		{CFAC879E-C0C9-4947-B291-1A2467AA3666} = {1F9BBDDE-CD10-4866-B2B1-4AC746705C42}
		{AF524961-A6E7-4DB1-B6AE-EF6DCDC74F3A} = {1F9BBDDE-CD10-4866-B2B1-4AC746705C42}
	EndGlobalSection
EndGlobal
